
Microsoft Visual Studio Solution File, Format Version 11.00
# Visual Studio 2010
Project("{8BC9CEB8-8B4A-11D0-8D11-00A0C91BC942}") = "ctodo_lib_100", "ctodo_lib_100.vcxproj", "{1A5C0E2B-2F32-4816-AB5F-1C6EF677186D}"
EndProject
Project("{8BC9CEB8-8B4A-11D0-8D11-00A0C91BC942}") = "cctodo_100", "cctodo_100.vcxproj", "{D47A29E2-AF4A-46B2-A74B-5466244AA333}"
EndProject
Project("{8BC9CEB8-8B4A-11D0-8D11-00A0C91BC942}") = "nwrap_100", "nwrap\nwrap_100.vcxproj", "{5D3E4BD4-566E-445B-BF4D-ED4F8533C75F}"
EndProject
Project("{FAE04EC0-301F-11D3-BF4B-00C04F79EFBC}") = "wtodo_100", "wtodo\wtodo_100.csproj", "{09F382E9-0BFE-4247-B8BE-554218D83F4E}"
EndProject
Project("{F2A71F9B-5D33-465A-A702-920D77279786}") = "ftodo", "ftodo\ftodo_100.fsproj", "{7A45889B-DC48-4DEF-B23B-7F8BA4186A22}"
EndProject
Global
	GlobalSection(SolutionConfigurationPlatforms) = preSolution
		Debug|Any CPU = Debug|Any CPU
		Debug|Mixed Platforms = Debug|Mixed Platforms
		Debug|Win32 = Debug|Win32
		Debug|x86 = Debug|x86
		Release|Any CPU = Release|Any CPU
		Release|Mixed Platforms = Release|Mixed Platforms
		Release|Win32 = Release|Win32
		Release|x86 = Release|x86
	EndGlobalSection
	GlobalSection(ProjectConfigurationPlatforms) = postSolution
		{1A5C0E2B-2F32-4816-AB5F-1C6EF677186D}.Debug|Any CPU.ActiveCfg = Debug|Win32
		{1A5C0E2B-2F32-4816-AB5F-1C6EF677186D}.Debug|Mixed Platforms.ActiveCfg = Debug|Win32
		{1A5C0E2B-2F32-4816-AB5F-1C6EF677186D}.Debug|Mixed Platforms.Build.0 = Debug|Win32
		{1A5C0E2B-2F32-4816-AB5F-1C6EF677186D}.Debug|Win32.ActiveCfg = Debug|Win32
		{1A5C0E2B-2F32-4816-AB5F-1C6EF677186D}.Debug|Win32.Build.0 = Debug|Win32
		{1A5C0E2B-2F32-4816-AB5F-1C6EF677186D}.Debug|x86.ActiveCfg = Debug|Win32
		{1A5C0E2B-2F32-4816-AB5F-1C6EF677186D}.Release|Any CPU.ActiveCfg = Release|Win32
		{1A5C0E2B-2F32-4816-AB5F-1C6EF677186D}.Release|Mixed Platforms.ActiveCfg = Release|Win32
		{1A5C0E2B-2F32-4816-AB5F-1C6EF677186D}.Release|Mixed Platforms.Build.0 = Release|Win32
		{1A5C0E2B-2F32-4816-AB5F-1C6EF677186D}.Release|Win32.ActiveCfg = Release|Win32
		{1A5C0E2B-2F32-4816-AB5F-1C6EF677186D}.Release|Win32.Build.0 = Release|Win32
		{1A5C0E2B-2F32-4816-AB5F-1C6EF677186D}.Release|x86.ActiveCfg = Release|Win32
		{D47A29E2-AF4A-46B2-A74B-5466244AA333}.Debug|Any CPU.ActiveCfg = Debug|Win32
		{D47A29E2-AF4A-46B2-A74B-5466244AA333}.Debug|Mixed Platforms.ActiveCfg = Debug|Win32
		{D47A29E2-AF4A-46B2-A74B-5466244AA333}.Debug|Mixed Platforms.Build.0 = Debug|Win32
		{D47A29E2-AF4A-46B2-A74B-5466244AA333}.Debug|Win32.ActiveCfg = Debug|Win32
		{D47A29E2-AF4A-46B2-A74B-5466244AA333}.Debug|Win32.Build.0 = Debug|Win32
		{D47A29E2-AF4A-46B2-A74B-5466244AA333}.Debug|x86.ActiveCfg = Debug|Win32
		{D47A29E2-AF4A-46B2-A74B-5466244AA333}.Release|Any CPU.ActiveCfg = Release|Win32
		{D47A29E2-AF4A-46B2-A74B-5466244AA333}.Release|Mixed Platforms.ActiveCfg = Release|Win32
		{D47A29E2-AF4A-46B2-A74B-5466244AA333}.Release|Mixed Platforms.Build.0 = Release|Win32
		{D47A29E2-AF4A-46B2-A74B-5466244AA333}.Release|Win32.ActiveCfg = Release|Win32
		{D47A29E2-AF4A-46B2-A74B-5466244AA333}.Release|Win32.Build.0 = Release|Win32
		{D47A29E2-AF4A-46B2-A74B-5466244AA333}.Release|x86.ActiveCfg = Release|Win32
		{5D3E4BD4-566E-445B-BF4D-ED4F8533C75F}.Debug|Any CPU.ActiveCfg = Debug|Win32
		{5D3E4BD4-566E-445B-BF4D-ED4F8533C75F}.Debug|Mixed Platforms.ActiveCfg = Debug|Win32
		{5D3E4BD4-566E-445B-BF4D-ED4F8533C75F}.Debug|Mixed Platforms.Build.0 = Debug|Win32
		{5D3E4BD4-566E-445B-BF4D-ED4F8533C75F}.Debug|Win32.ActiveCfg = Debug|Win32
		{5D3E4BD4-566E-445B-BF4D-ED4F8533C75F}.Debug|Win32.Build.0 = Debug|Win32
		{5D3E4BD4-566E-445B-BF4D-ED4F8533C75F}.Debug|x86.ActiveCfg = Debug|Win32
		{5D3E4BD4-566E-445B-BF4D-ED4F8533C75F}.Release|Any CPU.ActiveCfg = Release|Win32
		{5D3E4BD4-566E-445B-BF4D-ED4F8533C75F}.Release|Mixed Platforms.ActiveCfg = Release|Win32
		{5D3E4BD4-566E-445B-BF4D-ED4F8533C75F}.Release|Mixed Platforms.Build.0 = Release|Win32
		{5D3E4BD4-566E-445B-BF4D-ED4F8533C75F}.Release|Win32.ActiveCfg = Release|Win32
		{5D3E4BD4-566E-445B-BF4D-ED4F8533C75F}.Release|Win32.Build.0 = Release|Win32
		{5D3E4BD4-566E-445B-BF4D-ED4F8533C75F}.Release|x86.ActiveCfg = Release|Win32
		{09F382E9-0BFE-4247-B8BE-554218D83F4E}.Debug|Any CPU.ActiveCfg = Debug|x86
		{09F382E9-0BFE-4247-B8BE-554218D83F4E}.Debug|Mixed Platforms.ActiveCfg = Debug|x86
		{09F382E9-0BFE-4247-B8BE-554218D83F4E}.Debug|Mixed Platforms.Build.0 = Debug|x86
		{09F382E9-0BFE-4247-B8BE-554218D83F4E}.Debug|Win32.ActiveCfg = Debug|x86
		{09F382E9-0BFE-4247-B8BE-554218D83F4E}.Debug|x86.ActiveCfg = Debug|x86
		{09F382E9-0BFE-4247-B8BE-554218D83F4E}.Debug|x86.Build.0 = Debug|x86
		{09F382E9-0BFE-4247-B8BE-554218D83F4E}.Release|Any CPU.ActiveCfg = Release|x86
		{09F382E9-0BFE-4247-B8BE-554218D83F4E}.Release|Mixed Platforms.ActiveCfg = Release|x86
		{09F382E9-0BFE-4247-B8BE-554218D83F4E}.Release|Mixed Platforms.Build.0 = Release|x86
		{09F382E9-0BFE-4247-B8BE-554218D83F4E}.Release|Win32.ActiveCfg = Release|x86
		{09F382E9-0BFE-4247-B8BE-554218D83F4E}.Release|x86.ActiveCfg = Release|x86
		{09F382E9-0BFE-4247-B8BE-554218D83F4E}.Release|x86.Build.0 = Release|x86
		{7A45889B-DC48-4DEF-B23B-7F8BA4186A22}.Debug|Any CPU.ActiveCfg = Debug|x86
		{7A45889B-DC48-4DEF-B23B-7F8BA4186A22}.Debug|Mixed Platforms.ActiveCfg = Debug|x86
		{7A45889B-DC48-4DEF-B23B-7F8BA4186A22}.Debug|Mixed Platforms.Build.0 = Debug|x86
		{7A45889B-DC48-4DEF-B23B-7F8BA4186A22}.Debug|Win32.ActiveCfg = Debug|x86
		{7A45889B-DC48-4DEF-B23B-7F8BA4186A22}.Debug|x86.ActiveCfg = Debug|x86
		{7A45889B-DC48-4DEF-B23B-7F8BA4186A22}.Debug|x86.Build.0 = Debug|x86
		{7A45889B-DC48-4DEF-B23B-7F8BA4186A22}.Release|Any CPU.ActiveCfg = Release|x86
		{7A45889B-DC48-4DEF-B23B-7F8BA4186A22}.Release|Mixed Platforms.ActiveCfg = Release|x86
		{7A45889B-DC48-4DEF-B23B-7F8BA4186A22}.Release|Mixed Platforms.Build.0 = Release|x86
		{7A45889B-DC48-4DEF-B23B-7F8BA4186A22}.Release|Win32.ActiveCfg = Release|x86
		{7A45889B-DC48-4DEF-B23B-7F8BA4186A22}.Release|x86.ActiveCfg = Release|x86
		{7A45889B-DC48-4DEF-B23B-7F8BA4186A22}.Release|x86.Build.0 = Release|x86
	EndGlobalSection
	GlobalSection(SolutionProperties) = preSolution
		HideSolutionNode = FALSE
	EndGlobalSection
EndGlobal
