
Microsoft Visual Studio Solution File, Format Version 11.00
# Visual Studio 2010
Project("{8BC9CEB8-8B4A-11D0-8D11-00A0C91BC942}") = "ctodo_lib_100", "ctodo_lib_100.vcxproj", "{1A5C0E2B-2F32-4816-AB5F-1C6EF677186D}"
EndProject
Project("{8BC9CEB8-8B4A-11D0-8D11-00A0C91BC942}") = "cctodo_100", "cctodo_100.vcxproj", "{D47A29E2-AF4A-46B2-A74B-5466244AA333}"
EndProject
Project("{8BC9CEB8-8B4A-11D0-8D11-00A0C91BC942}") = "nwrap", "nwrap\nwrap.vcxproj", "{5D3E4BD4-566E-445B-BF4D-ED4F8533C75F}"
EndProject
Global
	GlobalSection(SolutionConfigurationPlatforms) = preSolution
		Debug|Win32 = Debug|Win32
		Release|Win32 = Release|Win32
	EndGlobalSection
	GlobalSection(ProjectConfigurationPlatforms) = postSolution
		{1A5C0E2B-2F32-4816-AB5F-1C6EF677186D}.Debug|Win32.ActiveCfg = Debug|Win32
		{1A5C0E2B-2F32-4816-AB5F-1C6EF677186D}.Debug|Win32.Build.0 = Debug|Win32
		{1A5C0E2B-2F32-4816-AB5F-1C6EF677186D}.Release|Win32.ActiveCfg = Release|Win32
		{1A5C0E2B-2F32-4816-AB5F-1C6EF677186D}.Release|Win32.Build.0 = Release|Win32
		{D47A29E2-AF4A-46B2-A74B-5466244AA333}.Debug|Win32.ActiveCfg = Debug|Win32
		{D47A29E2-AF4A-46B2-A74B-5466244AA333}.Debug|Win32.Build.0 = Debug|Win32
		{D47A29E2-AF4A-46B2-A74B-5466244AA333}.Release|Win32.ActiveCfg = Release|Win32
		{D47A29E2-AF4A-46B2-A74B-5466244AA333}.Release|Win32.Build.0 = Release|Win32
		{5D3E4BD4-566E-445B-BF4D-ED4F8533C75F}.Debug|Win32.ActiveCfg = Debug|Win32
		{5D3E4BD4-566E-445B-BF4D-ED4F8533C75F}.Debug|Win32.Build.0 = Debug|Win32
		{5D3E4BD4-566E-445B-BF4D-ED4F8533C75F}.Release|Win32.ActiveCfg = Release|Win32
		{5D3E4BD4-566E-445B-BF4D-ED4F8533C75F}.Release|Win32.Build.0 = Release|Win32
	EndGlobalSection
	GlobalSection(SolutionProperties) = preSolution
		HideSolutionNode = FALSE
	EndGlobalSection
EndGlobal
